{
  "lockfileVersion": 1,
  "configVersion": 1,
  "workspaces": {
    "": {
      "name": "fnlb",
      "dependencies": {
        "@fnlb-project/shared": "^1.5.171",
      },
      "devDependencies": {
        "@biomejs/biome": "^2.5.11",
        "@types/bun": "^1.4.0",
        "@types/node": "^26.4.1",
        "bun-plugin-dts": "^0.3.0",
        "typescript": "^6.0.3",
      },
    },
  },
  "trustedDependencies": [
    "@biomejs/biome",
  ],
  "overrides": {
    "typescript": "^6.0.3",
  },
  "packages": {
    "@biomejs/biome": ["@biomejs/biome@2.5.11", "", { "optionalDependencies": { "@biomejs/cli-darwin-arm64": "2.5.11", "@biomejs/cli-darwin-x64": "2.5.11", "@biomejs/cli-linux-arm64": "2.5.11", "@biomejs/cli-linux-arm64-musl": "2.5.11", "@biomejs/cli-linux-x64": "2.5.11", "@biomejs/cli-linux-x64-musl": "2.5.11", "@biomejs/cli-win32-arm64": "2.5.11", "@biomejs/cli-win32-x64": "2.5.11" }, "bin": { "biome": "bin/biome" } }, "sha512-Tj0dnkLPdW0ASjHfj2D/ZkkvPU2wrFmnE1jWTD2xzV1ycapV1DutbYXk4NDnR3rYTi1ZCbNFD4G2gRMEY65WaA=="],

    "@biomejs/cli-darwin-arm64": ["@biomejs/cli-darwin-arm64@2.5.11", "", { "os": "darwin", "cpu": "arm64" }, "sha512-6SGZxoKbXvUjMn1t6A98HqWISPnGNbYs0R/Rt2JarmXBSev+lva4QxUMWEBX9lX1Wo1XTJ78uk5xVDtG58SRZg=="],

    "@biomejs/cli-darwin-x64": ["@biomejs/cli-darwin-x64@2.5.11", "", { "os": "darwin", "cpu": "x64" }, "sha512-nYkXY7tLBEgnGbYapDKAyKzgt44ZEyG+AKalvTXtCWKYgepI9dw327q+cVgedxm+Udi1ZzHKUyZrIusHi/KQbw=="],

    "@biomejs/cli-linux-arm64": ["@biomejs/cli-linux-arm64@2.5.11", "", { "os": "linux", "cpu": "arm64" }, "sha512-3PVLSTD9RR73rvVPt5G3T1gc+ycggWEGfTD7RvzzbtcDPD27NxgxBbAFfpm7DXJKW6VLHWE1lLMGvFt2Qxjcow=="],

    "@biomejs/cli-linux-arm64-musl": ["@biomejs/cli-linux-arm64-musl@2.5.11", "", { "os": "linux", "cpu": "arm64" }, "sha512-qhyZUMyCbWYFV2bAwRNVvfMVZ+hv7WYl6mossGrxC+uiQQXhvsuWWU8zz6jYX0mChZd9MgQZbm4vozTmG/5iGw=="],

    "@biomejs/cli-linux-x64": ["@biomejs/cli-linux-x64@2.5.11", "", { "os": "linux", "cpu": "x64" }, "sha512-JOytptlsgM33B2MMFUg8iBrb4IKpbD5JnJrSeYiaFEeAj4vuXx0iQSQZ4qK7sqyMtfjZxxPdNdMZZVL4y/mFyA=="],

    "@biomejs/cli-linux-x64-musl": ["@biomejs/cli-linux-x64-musl@2.5.11", "", { "os": "linux", "cpu": "x64" }, "sha512-oRRlrchG5EfrEL/EmtT1qUjSNHk3/5LGeZhQqADBBAJF1b1ET6964xEKe7aGlGARzDfza8H/seEsFJl7S6Ql9w=="],

    "@biomejs/cli-win32-arm64": ["@biomejs/cli-win32-arm64@2.5.11", "", { "os": "win32", "cpu": "arm64" }, "sha512-e49E6K9hzH/ohJNx8Y26mY8HaV4I4ZViIeoqhKsmoXLKHhQnMeBAVqCgsGf2Wa3lXlS7RkporDXMHHWkzvZzFw=="],

    "@biomejs/cli-win32-x64": ["@biomejs/cli-win32-x64@2.5.11", "", { "os": "win32", "cpu": "x64" }, "sha512-QSQr/KjOgXA7OzXJUWS+oguKyAZ3Q0l/lnlDGbu397eKo83atuWUjBPJrsqbKNF6CARGw8XXJLGzpHC8Ryhd4Q=="],

    "@fnlb-project/shared": ["@fnlb-project/shared@1.5.171", "", { "dependencies": { "jose": "^6.2.8" } }, "sha512-QfCz2iXOiVpM82Gx2SEhlSEEz+dRaX1BnmASEBCAjto0qOsNCdNeWsOoiM+bCx7x0h+Nv8hcnA2AwcWZHJx2Kw=="],

    "@types/bun": ["@types/bun@1.4.0", "", { "dependencies": { "bun-types": "1.4.0" } }, "sha512-K+lZULY23vRgK/CfTjFIV+tyifaNdSMlPh9j+6mQ/cLfpOznLyAuzgV/JQysyECpkBQLVMSyvjlr2fBUSA9wFQ=="],

    "@types/node": ["@types/node@26.4.1", "", { "dependencies": { "undici-types": "~8.3.0" } }, "sha512-k97ENvZWtvA6yqz5/FS6a7duDgOPEeOQOc2iKS/nY6mX6qJUKtLnWzQS+Xj6tXweyj6ZcTAK2Qecetnvi9nCLA=="],

    "ansi-regex": ["ansi-regex@5.0.1", "", {}, "sha512-quJQXlTSUGL2LH9SUXo8VwsY4soanhgo6LNSm84E1LBcE8s3O0wpdiRzyR9z/ZZJMlMWv37qOOb9pdJlMUEKFQ=="],

    "ansi-styles": ["ansi-styles@4.3.0", "", { "dependencies": { "color-convert": "^2.0.1" } }, "sha512-zbB9rCJAT1rbjiVDb2hqKFHNYLxgtk8NURxZ3IZwD3F6NtxbXZQCnnSi1Lkx+IDohdPlFp222wVALIheZJQSEg=="],

    "bun-plugin-dts": ["bun-plugin-dts@0.3.0", "", { "dependencies": { "common-path-prefix": "^3.0.0", "dts-bundle-generator": "^9.5.1", "get-tsconfig": "^4.8.1" } }, "sha512-QpiAOKfPcdOToxySOqRY8FwL+brTvyXEHWzrSCRKt4Pv7Z4pnUrhK9tFtM7Ndm7ED09B/0cGXnHJKqmekr/ERw=="],

    "bun-types": ["bun-types@1.4.0", "", { "dependencies": { "@types/node": "*" } }, "sha512-iIKw23BspnQQYd3prITOBxeUsxBHnwzX6YJfGMuNOZzeNcMmVqzIIVGRm1l69ogaPQmb4wB6BN8mA5bE9YuC5Q=="],

    "cliui": ["cliui@8.0.1", "", { "dependencies": { "string-width": "^4.2.0", "strip-ansi": "^6.0.1", "wrap-ansi": "^7.0.0" } }, "sha512-BSeNnyus75C4//NQ9gQt1/csTXyo/8Sb+afLAkzAptFuMsod9HFokGNudZpi/oQV73hnVK+sR+5PVRMd+Dr7YQ=="],

    "color-convert": ["color-convert@2.0.1", "", { "dependencies": { "color-name": "~1.1.4" } }, "sha512-RRECPsj7iu/xb5oKYcsFHSppFNnsj/52OVTRKb4zP5onXwVF3zVmmToNcOfGC+CRDpfK/U584fMg38ZHCaElKQ=="],

    "color-name": ["color-name@1.1.4", "", {}, "sha512-dOy+3AuW3a2wNbZHIuMZpTcgjGuLU/uBL/ubcZF9OXbDo8ff4O8yVp5Bf0efS8uEoYo5q4Fx7dY9OgQGXgAsQA=="],

    "common-path-prefix": ["common-path-prefix@3.0.0", "", {}, "sha512-QE33hToZseCH3jS0qN96O/bSh3kaw/h+Tq7ngyY9eWDUnTlTNUyqfqvCXioLe5Na5jFsL78ra/wuBU4iuEgd4w=="],

    "dts-bundle-generator": ["dts-bundle-generator@9.5.1", "", { "dependencies": { "typescript": ">=5.0.2", "yargs": "^17.6.0" }, "bin": { "dts-bundle-generator": "dist/bin/dts-bundle-generator.js" } }, "sha512-DxpJOb2FNnEyOzMkG11sxO2dmxPjthoVWxfKqWYJ/bI/rT1rvTMktF5EKjAYrRZu6Z6t3NhOUZ0sZ5ZXevOfbA=="],

    "emoji-regex": ["emoji-regex@8.0.0", "", {}, "sha512-MSjYzcWNOA0ewAHpz0MxpYFvwg6yjy1NG3xteoqz644VCo/RPgnr1/GGt+ic3iJTzQ8Eu3TdM14SawnVUmGE6A=="],

    "escalade": ["escalade@3.2.0", "", {}, "sha512-WUj2qlxaQtO4g6Pq5c29GTcWGDyd8itL8zTlipgECz3JesAiiOKotd8JU6otB3PACgG6xkJUyVhboMS+bje/jA=="],

    "get-caller-file": ["get-caller-file@2.0.5", "", {}, "sha512-DyFP3BM/3YHTQOCUL/w0OZHR0lpKeGrxotcHWcqNEdnltqFwXVfhEBQ94eIo34AfQpo0rGki4cyIiftY06h2Fg=="],

    "get-tsconfig": ["get-tsconfig@4.14.3", "", { "dependencies": { "resolve-pkg-maps": "^1.0.0" } }, "sha512-++QEw4DIY7WGoukz+/+A/8dGYPT9l9yIadnmSgZ8Rjr3YVSVDipQSO9CdnJo9ePqFqUUqh+wk9uIaoiAwsiPkA=="],

    "is-fullwidth-code-point": ["is-fullwidth-code-point@3.0.0", "", {}, "sha512-zymm5+u+sCsSWyD9qNaejV3DFvhCKclKdizYaJUuHA83RLjb7nSuGnddCHGv0hk+KY7BMAlsWeK4Ueg6EV6XQg=="],

    "jose": ["jose@6.2.10", "", {}, "sha512-iiW7J9qRFlGxvCOIBDBDxFePQSn7ZMAnrYGhrrOo6siO/MIqwfyilLR27pkfDgUk+raLuzADS8A3S/KLBisc0g=="],

    "require-directory": ["require-directory@2.1.1", "", {}, "sha512-fGxEI7+wsG9xrvdjsrlmL22OMTTiHRwAMroiEeMgq8gzoLC/PQr7RsRDSTLUg/bZAZtF+TVIkHc6/4RIKrui+Q=="],

    "resolve-pkg-maps": ["resolve-pkg-maps@1.0.0", "", {}, "sha512-seS2Tj26TBVOC2NIc2rOe2y2ZO7efxITtLZcGSOnHHNOQ7CkiUBfw0Iw2ck6xkIhPwLhKNLS8BO+hEpngQlqzw=="],

    "string-width": ["string-width@4.2.3", "", { "dependencies": { "emoji-regex": "^8.0.0", "is-fullwidth-code-point": "^3.0.0", "strip-ansi": "^6.0.1" } }, "sha512-wKyQRQpjJ0sIp62ErSZdGsjMJWsap5oRNihHhu6G7JVO/9jIB6UyevL+tXuOqrng8j/cxKTWyWUwvSTriiZz/g=="],

    "strip-ansi": ["strip-ansi@6.0.1", "", { "dependencies": { "ansi-regex": "^5.0.1" } }, "sha512-Y38VPSHcqkFrCpFnQ9vuSXmquuv5oXOKpGeT6aGrr3o3Gc9AlVa6JBfUSOCnbxGGZF+/0ooI7KrPuUSztUdU5A=="],

    "typescript": ["typescript@6.0.3", "", { "bin": { "tsc": "bin/tsc", "tsserver": "bin/tsserver" } }, "sha512-y2TvuxSZPDyQakkFRPZHKFm+KKVqIisdg9/CZwm9ftvKXLP8NRWj38/ODjNbr43SsoXqNuAisEf1GdCxqWcdBw=="],

    "undici-types": ["undici-types@8.3.0", "", {}, "sha512-j375ScV60dom+YkPFIfTLcOiPxkN/buHz5GobjLhixFuANaNs3C9l4GmrWqejgXWJ7BbJcFYpTEUkS1Ge8bpZQ=="],

    "wrap-ansi": ["wrap-ansi@7.0.0", "", { "dependencies": { "ansi-styles": "^4.0.0", "string-width": "^4.1.0", "strip-ansi": "^6.0.0" } }, "sha512-YVGIj2kamLSTxw6NsZjoBxfSwsn0ycdesmc4p+Q21c5zPuZ1pl+NfxVdxPtdHvmNVOQ6XSYG4AUtyt/Fi7D16Q=="],

    "y18n": ["y18n@5.0.8", "", {}, "sha512-0pfFzegeDWJHJIAmTLRP2DwHjdF5s7jo9tuztdQxAhINCdvS+3nGINqPd00AphqJR/0LhANUS6/+7SCb98YOfA=="],

    "yargs": ["yargs@17.7.3", "", { "dependencies": { "cliui": "^8.0.1", "escalade": "^3.1.1", "get-caller-file": "^2.0.5", "require-directory": "^2.1.1", "string-width": "^4.2.3", "y18n": "^5.0.5", "yargs-parser": "^21.1.1" } }, "sha512-GZtjxm/J/4TSxuL3FNYjCmLktBTnIw/rVmKSIyKeYAZpmJB2ig9VauCC5xsa82GNKVKDAqpOn3KVzNt0zmrU0g=="],

    "yargs-parser": ["yargs-parser@21.1.1", "", {}, "sha512-tVpsJW7DdjecAiFpbIB1e3qxIQsE6NoPc5/eTdrbbIC4h0LVsWhnoa3g+m2HclBIujHzsxZ4VJVA+GUuc2/LBw=="],
  }
}
